// !$*UTF8*$!
{
	archiveVersion = 1;
	classes = {
	};
	objectVersion = 56;
	objects = {

/* Begin PBXBuildFile section */
		A100000001 /* YankCompanionApp.swift in Sources */ = {isa = PBXBuildFile; fileRef = B100000001; };
		A100000002 /* AppDelegate.swift in Sources */ = {isa = PBXBuildFile; fileRef = B100000002; };
		A100000003 /* YankAction.swift in Sources */ = {isa = PBXBuildFile; fileRef = B100000003; };
		A100000004 /* ActionStore.swift in Sources */ = {isa = PBXBuildFile; fileRef = B100000004; };
		A100000005 /* BLEManager.swift in Sources */ = {isa = PBXBuildFile; fileRef = B100000005; };
		A100000006 /* ActionExecutor.swift in Sources */ = {isa = PBXBuildFile; fileRef = B100000006; };
		A100000007 /* ContentView.swift in Sources */ = {isa = PBXBuildFile; fileRef = B100000007; };
		A100000008 /* ActionRowView.swift in Sources */ = {isa = PBXBuildFile; fileRef = B100000008; };
		A100000009 /* AddActionView.swift in Sources */ = {isa = PBXBuildFile; fileRef = B100000009; };
		A100000010 /* OnboardingView.swift in Sources */ = {isa = PBXBuildFile; fileRef = B100000010; };
		A100000011 /* HUDNotification.swift in Sources */ = {isa = PBXBuildFile; fileRef = B100000011; };
		A100000014 /* Assets.xcassets in Resources */ = {isa = PBXBuildFile; fileRef = B100000016; };
		A100000015 /* pull-switch.mp3 in Resources */ = {isa = PBXBuildFile; fileRef = B100000017; };
		A100000016 /* boom.wav in Resources */ = {isa = PBXBuildFile; fileRef = B100000018; };
		A100000017 /* fart.wav in Resources */ = {isa = PBXBuildFile; fileRef = B100000019; };
		A100000018 /* toilet.wav in Resources */ = {isa = PBXBuildFile; fileRef = B10000001A; };
		A100000019 /* whistle.wav in Resources */ = {isa = PBXBuildFile; fileRef = B10000001B; };
/* End PBXBuildFile section */

/* Begin PBXFileReference section */
		B100000001 /* YankCompanionApp.swift */ = {isa = PBXFileReference; lastKnownFileType = sourcecode.swift; path = YankCompanionApp.swift; sourceTree = "<group>"; };
		B100000002 /* AppDelegate.swift */ = {isa = PBXFileReference; lastKnownFileType = sourcecode.swift; path = AppDelegate.swift; sourceTree = "<group>"; };
		B100000003 /* YankAction.swift */ = {isa = PBXFileReference; lastKnownFileType = sourcecode.swift; path = YankAction.swift; sourceTree = "<group>"; };
		B100000004 /* ActionStore.swift */ = {isa = PBXFileReference; lastKnownFileType = sourcecode.swift; path = ActionStore.swift; sourceTree = "<group>"; };
		B100000005 /* BLEManager.swift */ = {isa = PBXFileReference; lastKnownFileType = sourcecode.swift; path = BLEManager.swift; sourceTree = "<group>"; };
		B100000006 /* ActionExecutor.swift */ = {isa = PBXFileReference; lastKnownFileType = sourcecode.swift; path = ActionExecutor.swift; sourceTree = "<group>"; };
		B100000007 /* ContentView.swift */ = {isa = PBXFileReference; lastKnownFileType = sourcecode.swift; path = ContentView.swift; sourceTree = "<group>"; };
		B100000008 /* ActionRowView.swift */ = {isa = PBXFileReference; lastKnownFileType = sourcecode.swift; path = ActionRowView.swift; sourceTree = "<group>"; };
		B100000009 /* AddActionView.swift */ = {isa = PBXFileReference; lastKnownFileType = sourcecode.swift; path = AddActionView.swift; sourceTree = "<group>"; };
		B100000010 /* OnboardingView.swift */ = {isa = PBXFileReference; lastKnownFileType = sourcecode.swift; path = OnboardingView.swift; sourceTree = "<group>"; };
		B100000011 /* HUDNotification.swift */ = {isa = PBXFileReference; lastKnownFileType = sourcecode.swift; path = HUDNotification.swift; sourceTree = "<group>"; };
		B100000014 /* Info.plist */ = {isa = PBXFileReference; lastKnownFileType = text.plist.xml; path = Info.plist; sourceTree = "<group>"; };
		B100000015 /* YankCompanion.entitlements */ = {isa = PBXFileReference; lastKnownFileType = text.plist.entitlements; path = YankCompanion.entitlements; sourceTree = "<group>"; };
		B100000016 /* Assets.xcassets */ = {isa = PBXFileReference; lastKnownFileType = folder.assetcatalog; path = Assets.xcassets; sourceTree = "<group>"; };
		B100000017 /* pull-switch.mp3 */ = {isa = PBXFileReference; lastKnownFileType = audio.mp3; path = "pull-switch.mp3"; sourceTree = "<group>"; };
		B100000018 /* boom.wav */ = {isa = PBXFileReference; lastKnownFileType = audio.wav; path = "boom.wav"; sourceTree = "<group>"; };
		B100000019 /* fart.wav */ = {isa = PBXFileReference; lastKnownFileType = audio.wav; path = "fart.wav"; sourceTree = "<group>"; };
		B10000001A /* toilet.wav */ = {isa = PBXFileReference; lastKnownFileType = audio.wav; path = "toilet.wav"; sourceTree = "<group>"; };
		B10000001B /* whistle.wav */ = {isa = PBXFileReference; lastKnownFileType = audio.wav; path = "whistle.wav"; sourceTree = "<group>"; };
		B100000020 /* YankCompanion.app */ = {isa = PBXFileReference; explicitFileType = wrapper.application; includeInIndex = 0; path = YankCompanion.app; sourceTree = BUILT_PRODUCTS_DIR; };
		B100000030 /* Local.xcconfig */ = {isa = PBXFileReference; lastKnownFileType = text.xcconfig; path = Local.xcconfig; sourceTree = "<group>"; };
/* End PBXFileReference section */

/* Begin PBXFrameworksBuildPhase section */
		C100000001 /* Frameworks */ = {
			isa = PBXFrameworksBuildPhase;
			buildActionMask = 2147483647;
			files = (
			);
			runOnlyForDeploymentPostprocessing = 0;
		};
/* End PBXFrameworksBuildPhase section */

/* Begin PBXGroup section */
		D100000001 = {
			isa = PBXGroup;
			children = (
				B100000030 /* Local.xcconfig */,
				D100000002 /* YankCompanion */,
				D100000099 /* Products */,
			);
			sourceTree = "<group>";
		};
		D100000002 /* YankCompanion */ = {
			isa = PBXGroup;
			children = (
				B100000001 /* YankCompanionApp.swift */,
				B100000002 /* AppDelegate.swift */,
				D100000003 /* Models */,
				D100000004 /* BLE */,
				D100000005 /* Actions */,
				D100000006 /* Views */,
				D100000007 /* Resources */,
				B100000016 /* Assets.xcassets */,
				B100000014 /* Info.plist */,
				B100000015 /* YankCompanion.entitlements */,
			);
			path = YankCompanion;
			sourceTree = "<group>";
		};
		D100000003 /* Models */ = {
			isa = PBXGroup;
			children = (
				B100000003 /* YankAction.swift */,
				B100000004 /* ActionStore.swift */,
			);
			path = Models;
			sourceTree = "<group>";
		};
		D100000004 /* BLE */ = {
			isa = PBXGroup;
			children = (
				B100000005 /* BLEManager.swift */,
			);
			path = BLE;
			sourceTree = "<group>";
		};
		D100000005 /* Actions */ = {
			isa = PBXGroup;
			children = (
				B100000006 /* ActionExecutor.swift */,
			);
			path = Actions;
			sourceTree = "<group>";
		};
		D100000006 /* Views */ = {
			isa = PBXGroup;
			children = (
				B100000007 /* ContentView.swift */,
				B100000008 /* ActionRowView.swift */,
				B100000009 /* AddActionView.swift */,
				B100000010 /* OnboardingView.swift */,
				B100000011 /* HUDNotification.swift */,
			);
			path = Views;
			sourceTree = "<group>";
		};
		D100000007 /* Resources */ = {
			isa = PBXGroup;
			children = (
				B100000017 /* pull-switch.mp3 */,
				B100000018 /* boom.wav */,
				B100000019 /* fart.wav */,
				B10000001A /* toilet.wav */,
				B10000001B /* whistle.wav */,
			);
			path = Resources;
			sourceTree = "<group>";
		};
		D100000099 /* Products */ = {
			isa = PBXGroup;
			children = (
				B100000020 /* YankCompanion.app */,
			);
			name = Products;
			sourceTree = "<group>";
		};
/* End PBXGroup section */

/* Begin PBXNativeTarget section */
		E100000001 /* YankCompanion */ = {
			isa = PBXNativeTarget;
			buildConfigurationList = F100000003 /* Build configuration list for PBXNativeTarget "YankCompanion" */;
			buildPhases = (
				C100000002 /* Sources */,
				C100000001 /* Frameworks */,
				C100000003 /* Resources */,
			);
			buildRules = (
			);
			dependencies = (
			);
			name = YankCompanion;
			productName = YankCompanion;
			productReference = B100000020 /* YankCompanion.app */;
			productType = "com.apple.product-type.application";
		};
/* End PBXNativeTarget section */

/* Begin PBXProject section */
		E100000002 /* Project object */ = {
			isa = PBXProject;
			attributes = {
				BuildIndependentTargetsInParallel = 1;
				LastSwiftUpdateCheck = 1500;
				LastUpgradeCheck = 1500;
			};
			buildConfigurationList = F100000001 /* Build configuration list for PBXProject "YankCompanion" */;
			compatibilityVersion = "Xcode 14.0";
			developmentRegion = en;
			hasScannedForEncodings = 0;
			knownRegions = (
				en,
				Base,
			);
			mainGroup = D100000001;
			productRefGroup = D100000099 /* Products */;
			projectDirPath = "";
			projectRoot = "";
			targets = (
				E100000001 /* YankCompanion */,
			);
		};
/* End PBXProject section */

/* Begin PBXResourcesBuildPhase section */
		C100000003 /* Resources */ = {
			isa = PBXResourcesBuildPhase;
			buildActionMask = 2147483647;
			files = (
				A100000015 /* pull-switch.mp3 in Resources */,
				A100000016 /* boom.wav in Resources */,
				A100000017 /* fart.wav in Resources */,
				A100000018 /* toilet.wav in Resources */,
				A100000019 /* whistle.wav in Resources */,
				A100000014 /* Assets.xcassets in Resources */,
			);
			runOnlyForDeploymentPostprocessing = 0;
		};
/* End PBXResourcesBuildPhase section */

/* Begin PBXSourcesBuildPhase section */
		C100000002 /* Sources */ = {
			isa = PBXSourcesBuildPhase;
			buildActionMask = 2147483647;
			files = (
				A100000001 /* YankCompanionApp.swift in Sources */,
				A100000002 /* AppDelegate.swift in Sources */,
				A100000003 /* YankAction.swift in Sources */,
				A100000004 /* ActionStore.swift in Sources */,
				A100000005 /* BLEManager.swift in Sources */,
				A100000006 /* ActionExecutor.swift in Sources */,
				A100000007 /* ContentView.swift in Sources */,
				A100000008 /* ActionRowView.swift in Sources */,
				A100000009 /* AddActionView.swift in Sources */,
				A100000010 /* OnboardingView.swift in Sources */,
				A100000011 /* HUDNotification.swift in Sources */,
			);
			runOnlyForDeploymentPostprocessing = 0;
		};
/* End PBXSourcesBuildPhase section */

/* Begin XCBuildConfiguration section */
		F100000010 /* Debug */ = {
			isa = XCBuildConfiguration;
			buildSettings = {
				ALWAYS_SEARCH_USER_PATHS = NO;
				ASSETCATALOG_COMPILER_GENERATE_SWIFT_ASSET_SYMBOL_EXTENSIONS = YES;
				CLANG_ANALYZER_NONNULL = YES;
				CLANG_CXX_LANGUAGE_STANDARD = "gnu++20";
				CLANG_ENABLE_MODULES = YES;
				CLANG_ENABLE_OBJC_ARC = YES;
				CLANG_WARN_BLOCK_CAPTURE_AUTORELEASING = YES;
				CLANG_WARN_BOOL_CONVERSION = YES;
				CLANG_WARN_COMMA = YES;
				CLANG_WARN_CONSTANT_CONVERSION = YES;
				CLANG_WARN_DEPRECATED_OBJC_IMPLEMENTATIONS = YES;
				CLANG_WARN_DIRECT_OBJC_ISA_USAGE = YES_ERROR;
				CLANG_WARN_DOCUMENTATION_COMMENTS = YES;
				CLANG_WARN_EMPTY_BODY = YES;
				CLANG_WARN_ENUM_CONVERSION = YES;
				CLANG_WARN_INFINITE_RECURSION = YES;
				CLANG_WARN_INT_CONVERSION = YES;
				CLANG_WARN_NON_LITERAL_NULL_CONVERSION = YES;
				CLANG_WARN_OBJC_IMPLICIT_RETAIN_SELF = YES;
				CLANG_WARN_OBJC_LITERAL_CONVERSION = YES;
				CLANG_WARN_OBJC_ROOT_CLASS = YES_ERROR;
				CLANG_WARN_QUOTED_INCLUDE_IN_FRAMEWORK_HEADER = YES;
				CLANG_WARN_RANGE_LOOP_ANALYSIS = YES;
				CLANG_WARN_STRICT_PROTOTYPES = YES;
				CLANG_WARN_SUSPICIOUS_MOVE = YES;
				CLANG_WARN_UNGUARDED_AVAILABILITY = YES_AGGRESSIVE;
				CLANG_WARN_UNREACHABLE_CODE = YES;
				CLANG_WARN__DUPLICATE_METHOD_MATCH = YES;
				COPY_PHASE_STRIP = NO;
				DEBUG_INFORMATION_FORMAT = dwarf;
				ENABLE_STRICT_OBJC_MSGSEND = YES;
				ENABLE_TESTABILITY = YES;
				GCC_C_LANGUAGE_STANDARD = gnu17;
				GCC_DYNAMIC_NO_PIC = NO;
				GCC_NO_COMMON_BLOCKS = YES;
				GCC_OPTIMIZATION_LEVEL = 0;
				GCC_PREPROCESSOR_DEFINITIONS = (
					"DEBUG=1",
					"$(inherited)",
				);
				GCC_WARN_64_TO_32_BIT_CONVERSION = YES;
				GCC_WARN_ABOUT_RETURN_TYPE = YES_ERROR;
				GCC_WARN_UNDECLARED_SELECTOR = YES;
				GCC_WARN_UNINITIALIZED_AUTOS = YES_AGGRESSIVE;
				GCC_WARN_UNUSED_FUNCTION = YES;
				GCC_WARN_UNUSED_VARIABLE = YES;
				MACOSX_DEPLOYMENT_TARGET = 13.0;
				MTL_ENABLE_DEBUG_INFO = INCLUDE_SOURCE;
				MTL_FAST_MATH = YES;
				ONLY_ACTIVE_ARCH = YES;
				SDKROOT = macosx;
				SWIFT_ACTIVE_COMPILATION_CONDITIONS = "$(inherited) DEBUG";
				SWIFT_OPTIMIZATION_LEVEL = "-Onone";
			};
			name = Debug;
		};
		F100000011 /* Release */ = {
			isa = XCBuildConfiguration;
			buildSettings = {
				ALWAYS_SEARCH_USER_PATHS = NO;
				ASSETCATALOG_COMPILER_GENERATE_SWIFT_ASSET_SYMBOL_EXTENSIONS = YES;
				CLANG_ANALYZER_NONNULL = YES;
				CLANG_CXX_LANGUAGE_STANDARD = "gnu++20";
				CLANG_ENABLE_MODULES = YES;
				CLANG_ENABLE_OBJC_ARC = YES;
				CLANG_WARN_BLOCK_CAPTURE_AUTORELEASING = YES;
				CLANG_WARN_BOOL_CONVERSION = YES;
				CLANG_WARN_COMMA = YES;
				CLANG_WARN_CONSTANT_CONVERSION = YES;
				CLANG_WARN_DEPRECATED_OBJC_IMPLEMENTATIONS = YES;
				CLANG_WARN_DIRECT_OBJC_ISA_USAGE = YES_ERROR;
				CLANG_WARN_DOCUMENTATION_COMMENTS = YES;
				CLANG_WARN_EMPTY_BODY = YES;
				CLANG_WARN_ENUM_CONVERSION = YES;
				CLANG_WARN_INFINITE_RECURSION = YES;
				CLANG_WARN_INT_CONVERSION = YES;
				CLANG_WARN_NON_LITERAL_NULL_CONVERSION = YES;
				CLANG_WARN_OBJC_IMPLICIT_RETAIN_SELF = YES;
				CLANG_WARN_OBJC_LITERAL_CONVERSION = YES;
				CLANG_WARN_OBJC_ROOT_CLASS = YES_ERROR;
				CLANG_WARN_QUOTED_INCLUDE_IN_FRAMEWORK_HEADER = YES;
				CLANG_WARN_RANGE_LOOP_ANALYSIS = YES;
				CLANG_WARN_STRICT_PROTOTYPES = YES;
				CLANG_WARN_SUSPICIOUS_MOVE = YES;
				CLANG_WARN_UNGUARDED_AVAILABILITY = YES_AGGRESSIVE;
				CLANG_WARN_UNREACHABLE_CODE = YES;
				CLANG_WARN__DUPLICATE_METHOD_MATCH = YES;
				COPY_PHASE_STRIP = NO;
				DEBUG_INFORMATION_FORMAT = "dwarf-with-dsym";
				ENABLE_NS_ASSERTIONS = NO;
				ENABLE_STRICT_OBJC_MSGSEND = YES;
				GCC_C_LANGUAGE_STANDARD = gnu17;
				GCC_NO_COMMON_BLOCKS = YES;
				GCC_WARN_64_TO_32_BIT_CONVERSION = YES;
				GCC_WARN_ABOUT_RETURN_TYPE = YES_ERROR;
				GCC_WARN_UNDECLARED_SELECTOR = YES;
				GCC_WARN_UNINITIALIZED_AUTOS = YES_AGGRESSIVE;
				GCC_WARN_UNUSED_FUNCTION = YES;
				GCC_WARN_UNUSED_VARIABLE = YES;
				MACOSX_DEPLOYMENT_TARGET = 13.0;
				MTL_FAST_MATH = YES;
				SDKROOT = macosx;
				SWIFT_COMPILATION_MODE = wholemodule;
			};
			name = Release;
		};
		F100000020 /* Debug */ = {
			isa = XCBuildConfiguration;
			baseConfigurationReference = B100000030 /* Local.xcconfig */;
			buildSettings = {
				CODE_SIGN_ENTITLEMENTS = YankCompanion/YankCompanion.entitlements;
				ASSETCATALOG_COMPILER_APPICON_NAME = AppIcon;
				COMBINE_HIDPI_IMAGES = YES;
				CURRENT_PROJECT_VERSION = 1;
				ENABLE_HARDENED_RUNTIME = YES;
				GENERATE_INFOPLIST_FILE = NO;
				INFOPLIST_FILE = YankCompanion/Info.plist;
				LD_RUNPATH_SEARCH_PATHS = (
					"$(inherited)",
					"@executable_path/../Frameworks",
				);
				MARKETING_VERSION = 1.0;
				PRODUCT_BUNDLE_IDENTIFIER = com.yank.companion;
				PRODUCT_NAME = "Yank Companion";
				SWIFT_EMIT_LOC_STRINGS = YES;
				SWIFT_VERSION = 5.0;
			};
			name = Debug;
		};
		F100000021 /* Release */ = {
			isa = XCBuildConfiguration;
			baseConfigurationReference = B100000030 /* Local.xcconfig */;
			buildSettings = {
				CODE_SIGN_ENTITLEMENTS = YankCompanion/YankCompanion.entitlements;
				ASSETCATALOG_COMPILER_APPICON_NAME = AppIcon;
				COMBINE_HIDPI_IMAGES = YES;
				CURRENT_PROJECT_VERSION = 1;
				ENABLE_HARDENED_RUNTIME = YES;
				GENERATE_INFOPLIST_FILE = NO;
				INFOPLIST_FILE = YankCompanion/Info.plist;
				LD_RUNPATH_SEARCH_PATHS = (
					"$(inherited)",
					"@executable_path/../Frameworks",
				);
				MARKETING_VERSION = 1.0;
				PRODUCT_BUNDLE_IDENTIFIER = com.yank.companion;
				PRODUCT_NAME = "Yank Companion";
				SWIFT_EMIT_LOC_STRINGS = YES;
				SWIFT_VERSION = 5.0;
			};
			name = Release;
		};
/* End XCBuildConfiguration section */

/* Begin XCConfigurationList section */
		F100000001 /* Build configuration list for PBXProject "YankCompanion" */ = {
			isa = XCConfigurationList;
			buildConfigurations = (
				F100000010 /* Debug */,
				F100000011 /* Release */,
			);
			defaultConfigurationIsVisible = 0;
			defaultConfigurationName = Release;
		};
		F100000003 /* Build configuration list for PBXNativeTarget "YankCompanion" */ = {
			isa = XCConfigurationList;
			buildConfigurations = (
				F100000020 /* Debug */,
				F100000021 /* Release */,
			);
			defaultConfigurationIsVisible = 0;
			defaultConfigurationName = Release;
		};
/* End XCConfigurationList section */
	};
	rootObject = E100000002 /* Project object */;
}
